// !$*UTF8*$!
{
	archiveVersion = 1;
	classes = {
	};
	objectVersion = 55;
	objects = {

/* Begin PBXBuildFile section */
		2085DD8B299679880005BC5B /* Mastering_SwiftUI_ExampleApp.swift in Sources */ = {isa = PBXBuildFile; fileRef = 2085DD8A299679880005BC5B /* Mastering_SwiftUI_ExampleApp.swift */; };
		2085DD8D299679880005BC5B /* ContentView.swift in Sources */ = {isa = PBXBuildFile; fileRef = 2085DD8C299679880005BC5B /* ContentView.swift */; };
		2085DD8F2996798B0005BC5B /* Assets.xcassets in Resources */ = {isa = PBXBuildFile; fileRef = 2085DD8E2996798B0005BC5B /* Assets.xcassets */; };
		2085DD922996798B0005BC5B /* Preview Assets.xcassets in Resources */ = {isa = PBXBuildFile; fileRef = 2085DD912996798B0005BC5B /* Preview Assets.xcassets */; };
		2085DD9A29967A0B0005BC5B /* HStack.swift in Sources */ = {isa = PBXBuildFile; fileRef = 2085DD9929967A0B0005BC5B /* HStack.swift */; };
		2085DD9C2996839C0005BC5B /* Text.swift in Sources */ = {isa = PBXBuildFile; fileRef = 2085DD9B2996839C0005BC5B /* Text.swift */; };
		20CB1B35299906B200C29AB2 /* Button.swift in Sources */ = {isa = PBXBuildFile; fileRef = 20CB1B34299906B200C29AB2 /* Button.swift */; };
		20CB1B3729990B5200C29AB2 /* ButtonStyles.swift in Sources */ = {isa = PBXBuildFile; fileRef = 20CB1B3629990B5200C29AB2 /* ButtonStyles.swift */; };
		20CB1B3929991E0600C29AB2 /* Alert.swift in Sources */ = {isa = PBXBuildFile; fileRef = 20CB1B3829991E0600C29AB2 /* Alert.swift */; };
/* End PBXBuildFile section */

/* Begin PBXFileReference section */
		2085DD87299679880005BC5B /* Mastering_SwiftUI_Example.app */ = {isa = PBXFileReference; explicitFileType = wrapper.application; includeInIndex = 0; path = Mastering_SwiftUI_Example.app; sourceTree = BUILT_PRODUCTS_DIR; };
		2085DD8A299679880005BC5B /* Mastering_SwiftUI_ExampleApp.swift */ = {isa = PBXFileReference; lastKnownFileType = sourcecode.swift; path = Mastering_SwiftUI_ExampleApp.swift; sourceTree = "<group>"; };
		2085DD8C299679880005BC5B /* ContentView.swift */ = {isa = PBXFileReference; lastKnownFileType = sourcecode.swift; path = ContentView.swift; sourceTree = "<group>"; };
		2085DD8E2996798B0005BC5B /* Assets.xcassets */ = {isa = PBXFileReference; lastKnownFileType = folder.assetcatalog; path = Assets.xcassets; sourceTree = "<group>"; };
		2085DD912996798B0005BC5B /* Preview Assets.xcassets */ = {isa = PBXFileReference; lastKnownFileType = folder.assetcatalog; path = "Preview Assets.xcassets"; sourceTree = "<group>"; };
		2085DD9929967A0B0005BC5B /* HStack.swift */ = {isa = PBXFileReference; lastKnownFileType = sourcecode.swift; path = HStack.swift; sourceTree = "<group>"; };
		2085DD9B2996839C0005BC5B /* Text.swift */ = {isa = PBXFileReference; lastKnownFileType = sourcecode.swift; path = Text.swift; sourceTree = "<group>"; };
		20CB1B34299906B200C29AB2 /* Button.swift */ = {isa = PBXFileReference; lastKnownFileType = sourcecode.swift; path = Button.swift; sourceTree = "<group>"; };
		20CB1B3629990B5200C29AB2 /* ButtonStyles.swift */ = {isa = PBXFileReference; lastKnownFileType = sourcecode.swift; path = ButtonStyles.swift; sourceTree = "<group>"; };
		20CB1B3829991E0600C29AB2 /* Alert.swift */ = {isa = PBXFileReference; lastKnownFileType = sourcecode.swift; path = Alert.swift; sourceTree = "<group>"; };
/* End PBXFileReference section */

/* Begin PBXFrameworksBuildPhase section */
		2085DD84299679880005BC5B /* Frameworks */ = {
			isa = PBXFrameworksBuildPhase;
			buildActionMask = 2147483647;
			files = (
			);
			runOnlyForDeploymentPostprocessing = 0;
		};
/* End PBXFrameworksBuildPhase section */

/* Begin PBXGroup section */
		2085DD7E299679880005BC5B = {
			isa = PBXGroup;
			children = (
				2085DD89299679880005BC5B /* Mastering_SwiftUI_Example */,
				2085DD88299679880005BC5B /* Products */,
			);
			sourceTree = "<group>";
		};
		2085DD88299679880005BC5B /* Products */ = {
			isa = PBXGroup;
			children = (
				2085DD87299679880005BC5B /* Mastering_SwiftUI_Example.app */,
			);
			name = Products;
			sourceTree = "<group>";
		};
		2085DD89299679880005BC5B /* Mastering_SwiftUI_Example */ = {
			isa = PBXGroup;
			children = (
				2085DD98299679E50005BC5B /* Layouts */,
				2085DD8A299679880005BC5B /* Mastering_SwiftUI_ExampleApp.swift */,
				2085DD8C299679880005BC5B /* ContentView.swift */,
				2085DD8E2996798B0005BC5B /* Assets.xcassets */,
				2085DD902996798B0005BC5B /* Preview Content */,
			);
			path = Mastering_SwiftUI_Example;
			sourceTree = "<group>";
		};
		2085DD902996798B0005BC5B /* Preview Content */ = {
			isa = PBXGroup;
			children = (
				2085DD912996798B0005BC5B /* Preview Assets.xcassets */,
			);
			path = "Preview Content";
			sourceTree = "<group>";
		};
		2085DD98299679E50005BC5B /* Layouts */ = {
			isa = PBXGroup;
			children = (
				2085DD9929967A0B0005BC5B /* HStack.swift */,
				2085DD9B2996839C0005BC5B /* Text.swift */,
				20CB1B34299906B200C29AB2 /* Button.swift */,
				20CB1B3629990B5200C29AB2 /* ButtonStyles.swift */,
				20CB1B3829991E0600C29AB2 /* Alert.swift */,
			);
			path = Layouts;
			sourceTree = "<group>";
		};
/* End PBXGroup section */

/* Begin PBXNativeTarget section */
		2085DD86299679880005BC5B /* Mastering_SwiftUI_Example */ = {
			isa = PBXNativeTarget;
			buildConfigurationList = 2085DD952996798B0005BC5B /* Build configuration list for PBXNativeTarget "Mastering_SwiftUI_Example" */;
			buildPhases = (
				2085DD83299679880005BC5B /* Sources */,
				2085DD84299679880005BC5B /* Frameworks */,
				2085DD85299679880005BC5B /* Resources */,
			);
			buildRules = (
			);
			dependencies = (
			);
			name = Mastering_SwiftUI_Example;
			productName = Mastering_SwiftUI_Example;
			productReference = 2085DD87299679880005BC5B /* Mastering_SwiftUI_Example.app */;
			productType = "com.apple.product-type.application";
		};
/* End PBXNativeTarget section */

/* Begin PBXProject section */
		2085DD7F299679880005BC5B /* Project object */ = {
			isa = PBXProject;
			attributes = {
				BuildIndependentTargetsInParallel = 1;
				LastSwiftUpdateCheck = 1340;
				LastUpgradeCheck = 1340;
				TargetAttributes = {
					2085DD86299679880005BC5B = {
						CreatedOnToolsVersion = 13.4.1;
					};
				};
			};
			buildConfigurationList = 2085DD82299679880005BC5B /* Build configuration list for PBXProject "Mastering_SwiftUI_Example" */;
			compatibilityVersion = "Xcode 13.0";
			developmentRegion = en;
			hasScannedForEncodings = 0;
			knownRegions = (
				en,
				Base,
			);
			mainGroup = 2085DD7E299679880005BC5B;
			productRefGroup = 2085DD88299679880005BC5B /* Products */;
			projectDirPath = "";
			projectRoot = "";
			targets = (
				2085DD86299679880005BC5B /* Mastering_SwiftUI_Example */,
			);
		};
/* End PBXProject section */

/* Begin PBXResourcesBuildPhase section */
		2085DD85299679880005BC5B /* Resources */ = {
			isa = PBXResourcesBuildPhase;
			buildActionMask = 2147483647;
			files = (
				2085DD922996798B0005BC5B /* Preview Assets.xcassets in Resources */,
				2085DD8F2996798B0005BC5B /* Assets.xcassets in Resources */,
			);
			runOnlyForDeploymentPostprocessing = 0;
		};
/* End PBXResourcesBuildPhase section */

/* Begin PBXSourcesBuildPhase section */
		2085DD83299679880005BC5B /* Sources */ = {
			isa = PBXSourcesBuildPhase;
			buildActionMask = 2147483647;
			files = (
				20CB1B35299906B200C29AB2 /* Button.swift in Sources */,
				20CB1B3729990B5200C29AB2 /* ButtonStyles.swift in Sources */,
				2085DD9A29967A0B0005BC5B /* HStack.swift in Sources */,
				2085DD8D299679880005BC5B /* ContentView.swift in Sources */,
				2085DD9C2996839C0005BC5B /* Text.swift in Sources */,
				2085DD8B299679880005BC5B /* Mastering_SwiftUI_ExampleApp.swift in Sources */,
				20CB1B3929991E0600C29AB2 /* Alert.swift in Sources */,
			);
			runOnlyForDeploymentPostprocessing = 0;
		};
/* End PBXSourcesBuildPhase section */

/* Begin XCBuildConfiguration section */
		2085DD932996798B0005BC5B /* Debug */ = {
			isa = XCBuildConfiguration;
			buildSettings = {
				ALWAYS_SEARCH_USER_PATHS = NO;
				CLANG_ANALYZER_NONNULL = YES;
				CLANG_ANALYZER_NUMBER_OBJECT_CONVERSION = YES_AGGRESSIVE;
				CLANG_CXX_LANGUAGE_STANDARD = "gnu++17";
				CLANG_ENABLE_MODULES = YES;
				CLANG_ENABLE_OBJC_ARC = YES;
				CLANG_ENABLE_OBJC_WEAK = YES;
				CLANG_WARN_BLOCK_CAPTURE_AUTORELEASING = YES;
				CLANG_WARN_BOOL_CONVERSION = YES;
				CLANG_WARN_COMMA = YES;
				CLANG_WARN_CONSTANT_CONVERSION = YES;
				CLANG_WARN_DEPRECATED_OBJC_IMPLEMENTATIONS = YES;
				CLANG_WARN_DIRECT_OBJC_ISA_USAGE = YES_ERROR;
				CLANG_WARN_DOCUMENTATION_COMMENTS = YES;
				CLANG_WARN_EMPTY_BODY = YES;
				CLANG_WARN_ENUM_CONVERSION = YES;
				CLANG_WARN_INFINITE_RECURSION = YES;
				CLANG_WARN_INT_CONVERSION = YES;
				CLANG_WARN_NON_LITERAL_NULL_CONVERSION = YES;
				CLANG_WARN_OBJC_IMPLICIT_RETAIN_SELF = YES;
				CLANG_WARN_OBJC_LITERAL_CONVERSION = YES;
				CLANG_WARN_OBJC_ROOT_CLASS = YES_ERROR;
				CLANG_WARN_QUOTED_INCLUDE_IN_FRAMEWORK_HEADER = YES;
				CLANG_WARN_RANGE_LOOP_ANALYSIS = YES;
				CLANG_WARN_STRICT_PROTOTYPES = YES;
				CLANG_WARN_SUSPICIOUS_MOVE = YES;
				CLANG_WARN_UNGUARDED_AVAILABILITY = YES_AGGRESSIVE;
				CLANG_WARN_UNREACHABLE_CODE = YES;
				CLANG_WARN__DUPLICATE_METHOD_MATCH = YES;
				COPY_PHASE_STRIP = NO;
				DEBUG_INFORMATION_FORMAT = dwarf;
				ENABLE_STRICT_OBJC_MSGSEND = YES;
				ENABLE_TESTABILITY = YES;
				GCC_C_LANGUAGE_STANDARD = gnu11;
				GCC_DYNAMIC_NO_PIC = NO;
				GCC_NO_COMMON_BLOCKS = YES;
				GCC_OPTIMIZATION_LEVEL = 0;
				GCC_PREPROCESSOR_DEFINITIONS = (
					"DEBUG=1",
					"$(inherited)",
				);
				GCC_WARN_64_TO_32_BIT_CONVERSION = YES;
				GCC_WARN_ABOUT_RETURN_TYPE = YES_ERROR;
				GCC_WARN_UNDECLARED_SELECTOR = YES;
				GCC_WARN_UNINITIALIZED_AUTOS = YES_AGGRESSIVE;
				GCC_WARN_UNUSED_FUNCTION = YES;
				GCC_WARN_UNUSED_VARIABLE = YES;
				IPHONEOS_DEPLOYMENT_TARGET = 15.5;
				MTL_ENABLE_DEBUG_INFO = INCLUDE_SOURCE;
				MTL_FAST_MATH = YES;
				ONLY_ACTIVE_ARCH = YES;
				SDKROOT = iphoneos;
				SWIFT_ACTIVE_COMPILATION_CONDITIONS = DEBUG;
				SWIFT_OPTIMIZATION_LEVEL = "-Onone";
			};
			name = Debug;
		};
		2085DD942996798B0005BC5B /* Release */ = {
			isa = XCBuildConfiguration;
			buildSettings = {
				ALWAYS_SEARCH_USER_PATHS = NO;
				CLANG_ANALYZER_NONNULL = YES;
				CLANG_ANALYZER_NUMBER_OBJECT_CONVERSION = YES_AGGRESSIVE;
				CLANG_CXX_LANGUAGE_STANDARD = "gnu++17";
				CLANG_ENABLE_MODULES = YES;
				CLANG_ENABLE_OBJC_ARC = YES;
				CLANG_ENABLE_OBJC_WEAK = YES;
				CLANG_WARN_BLOCK_CAPTURE_AUTORELEASING = YES;
				CLANG_WARN_BOOL_CONVERSION = YES;
				CLANG_WARN_COMMA = YES;
				CLANG_WARN_CONSTANT_CONVERSION = YES;
				CLANG_WARN_DEPRECATED_OBJC_IMPLEMENTATIONS = YES;
				CLANG_WARN_DIRECT_OBJC_ISA_USAGE = YES_ERROR;
				CLANG_WARN_DOCUMENTATION_COMMENTS = YES;
				CLANG_WARN_EMPTY_BODY = YES;
				CLANG_WARN_ENUM_CONVERSION = YES;
				CLANG_WARN_INFINITE_RECURSION = YES;
				CLANG_WARN_INT_CONVERSION = YES;
				CLANG_WARN_NON_LITERAL_NULL_CONVERSION = YES;
				CLANG_WARN_OBJC_IMPLICIT_RETAIN_SELF = YES;
				CLANG_WARN_OBJC_LITERAL_CONVERSION = YES;
				CLANG_WARN_OBJC_ROOT_CLASS = YES_ERROR;
				CLANG_WARN_QUOTED_INCLUDE_IN_FRAMEWORK_HEADER = YES;
				CLANG_WARN_RANGE_LOOP_ANALYSIS = YES;
				CLANG_WARN_STRICT_PROTOTYPES = YES;
				CLANG_WARN_SUSPICIOUS_MOVE = YES;
				CLANG_WARN_UNGUARDED_AVAILABILITY = YES_AGGRESSIVE;
				CLANG_WARN_UNREACHABLE_CODE = YES;
				CLANG_WARN__DUPLICATE_METHOD_MATCH = YES;
				COPY_PHASE_STRIP = NO;
				DEBUG_INFORMATION_FORMAT = "dwarf-with-dsym";
				ENABLE_NS_ASSERTIONS = NO;
				ENABLE_STRICT_OBJC_MSGSEND = YES;
				GCC_C_LANGUAGE_STANDARD = gnu11;
				GCC_NO_COMMON_BLOCKS = YES;
				GCC_WARN_64_TO_32_BIT_CONVERSION = YES;
				GCC_WARN_ABOUT_RETURN_TYPE = YES_ERROR;
				GCC_WARN_UNDECLARED_SELECTOR = YES;
				GCC_WARN_UNINITIALIZED_AUTOS = YES_AGGRESSIVE;
				GCC_WARN_UNUSED_FUNCTION = YES;
				GCC_WARN_UNUSED_VARIABLE = YES;
				IPHONEOS_DEPLOYMENT_TARGET = 15.5;
				MTL_ENABLE_DEBUG_INFO = NO;
				MTL_FAST_MATH = YES;
				SDKROOT = iphoneos;
				SWIFT_COMPILATION_MODE = wholemodule;
				SWIFT_OPTIMIZATION_LEVEL = "-O";
				VALIDATE_PRODUCT = YES;
			};
			name = Release;
		};
		2085DD962996798B0005BC5B /* Debug */ = {
			isa = XCBuildConfiguration;
			buildSettings = {
				ASSETCATALOG_COMPILER_APPICON_NAME = AppIcon;
				ASSETCATALOG_COMPILER_GLOBAL_ACCENT_COLOR_NAME = AccentColor;
				CODE_SIGN_STYLE = Automatic;
				CURRENT_PROJECT_VERSION = 1;
				DEVELOPMENT_ASSET_PATHS = "\"Mastering_SwiftUI_Example/Preview Content\"";
				DEVELOPMENT_TEAM = RM7YATZJKT;
				ENABLE_PREVIEWS = YES;
				GENERATE_INFOPLIST_FILE = YES;
				INFOPLIST_KEY_UIApplicationSceneManifest_Generation = YES;
				INFOPLIST_KEY_UIApplicationSupportsIndirectInputEvents = YES;
				INFOPLIST_KEY_UILaunchScreen_Generation = YES;
				INFOPLIST_KEY_UISupportedInterfaceOrientations_iPad = "UIInterfaceOrientationPortrait UIInterfaceOrientationPortraitUpsideDown UIInterfaceOrientationLandscapeLeft UIInterfaceOrientationLandscapeRight";
				INFOPLIST_KEY_UISupportedInterfaceOrientations_iPhone = "UIInterfaceOrientationPortrait UIInterfaceOrientationLandscapeLeft UIInterfaceOrientationLandscapeRight";
				LD_RUNPATH_SEARCH_PATHS = (
					"$(inherited)",
					"@executable_path/Frameworks",
				);
				MARKETING_VERSION = 1.0;
				PRODUCT_BUNDLE_IDENTIFIER = "com.MyApp.Mastering-SwiftUI-Example";
				PRODUCT_NAME = "$(TARGET_NAME)";
				SWIFT_EMIT_LOC_STRINGS = YES;
				SWIFT_VERSION = 5.0;
				TARGETED_DEVICE_FAMILY = "1,2";
			};
			name = Debug;
		};
		2085DD972996798B0005BC5B /* Release */ = {
			isa = XCBuildConfiguration;
			buildSettings = {
				ASSETCATALOG_COMPILER_APPICON_NAME = AppIcon;
				ASSETCATALOG_COMPILER_GLOBAL_ACCENT_COLOR_NAME = AccentColor;
				CODE_SIGN_STYLE = Automatic;
				CURRENT_PROJECT_VERSION = 1;
				DEVELOPMENT_ASSET_PATHS = "\"Mastering_SwiftUI_Example/Preview Content\"";
				DEVELOPMENT_TEAM = RM7YATZJKT;
				ENABLE_PREVIEWS = YES;
				GENERATE_INFOPLIST_FILE = YES;
				INFOPLIST_KEY_UIApplicationSceneManifest_Generation = YES;
				INFOPLIST_KEY_UIApplicationSupportsIndirectInputEvents = YES;
				INFOPLIST_KEY_UILaunchScreen_Generation = YES;
				INFOPLIST_KEY_UISupportedInterfaceOrientations_iPad = "UIInterfaceOrientationPortrait UIInterfaceOrientationPortraitUpsideDown UIInterfaceOrientationLandscapeLeft UIInterfaceOrientationLandscapeRight";
				INFOPLIST_KEY_UISupportedInterfaceOrientations_iPhone = "UIInterfaceOrientationPortrait UIInterfaceOrientationLandscapeLeft UIInterfaceOrientationLandscapeRight";
				LD_RUNPATH_SEARCH_PATHS = (
					"$(inherited)",
					"@executable_path/Frameworks",
				);
				MARKETING_VERSION = 1.0;
				PRODUCT_BUNDLE_IDENTIFIER = "com.MyApp.Mastering-SwiftUI-Example";
				PRODUCT_NAME = "$(TARGET_NAME)";
				SWIFT_EMIT_LOC_STRINGS = YES;
				SWIFT_VERSION = 5.0;
				TARGETED_DEVICE_FAMILY = "1,2";
			};
			name = Release;
		};
/* End XCBuildConfiguration section */

/* Begin XCConfigurationList section */
		2085DD82299679880005BC5B /* Build configuration list for PBXProject "Mastering_SwiftUI_Example" */ = {
			isa = XCConfigurationList;
			buildConfigurations = (
				2085DD932996798B0005BC5B /* Debug */,
				2085DD942996798B0005BC5B /* Release */,
			);
			defaultConfigurationIsVisible = 0;
			defaultConfigurationName = Release;
		};
		2085DD952996798B0005BC5B /* Build configuration list for PBXNativeTarget "Mastering_SwiftUI_Example" */ = {
			isa = XCConfigurationList;
			buildConfigurations = (
				2085DD962996798B0005BC5B /* Debug */,
				2085DD972996798B0005BC5B /* Release */,
			);
			defaultConfigurationIsVisible = 0;
			defaultConfigurationName = Release;
		};
/* End XCConfigurationList section */
	};
	rootObject = 2085DD7F299679880005BC5B /* Project object */;
}
